
Microsoft Visual Studio Solution File, Format Version 12.00
# Visual Studio Version 17
VisualStudioVersion = 17.4.33205.214
MinimumVisualStudioVersion = 10.0.40219.1
Project("{9A19103F-16F7-4668-BE54-9A1E7A4F7556}") = "Godot.DependencyInjection", "Godot.DependencyInjection\Godot.DependencyInjection.csproj", "{632091DA-77CE-4A71-A50F-A1DDD8E43A68}"
EndProject
Project("{9A19103F-16F7-4668-BE54-9A1E7A4F7556}") = "Godot.DependencyInjection.Core", "Godot.DependencyInjection.Core\Godot.DependencyInjection.Core.csproj", "{B23F3CEF-420F-4349-BAE1-BC7B5C93B8EE}"
EndProject
Project("{9A19103F-16F7-4668-BE54-9A1E7A4F7556}") = "Godot.DependencyInjection.Services", "Godot.DependencyInjection.Services\Godot.DependencyInjection.Services.csproj", "{AC1280C1-8CDD-47DD-8CDD-448A52516C44}"
EndProject
Global
	GlobalSection(SolutionConfigurationPlatforms) = preSolution
		Debug|Any CPU = Debug|Any CPU
		Release|Any CPU = Release|Any CPU
	EndGlobalSection
	GlobalSection(ProjectConfigurationPlatforms) = postSolution
		{632091DA-77CE-4A71-A50F-A1DDD8E43A68}.Debug|Any CPU.ActiveCfg = Debug|Any CPU
		{632091DA-77CE-4A71-A50F-A1DDD8E43A68}.Debug|Any CPU.Build.0 = Debug|Any CPU
		{632091DA-77CE-4A71-A50F-A1DDD8E43A68}.Release|Any CPU.ActiveCfg = Release|Any CPU
		{632091DA-77CE-4A71-A50F-A1DDD8E43A68}.Release|Any CPU.Build.0 = Release|Any CPU
		{B23F3CEF-420F-4349-BAE1-BC7B5C93B8EE}.Debug|Any CPU.ActiveCfg = Debug|Any CPU
		{B23F3CEF-420F-4349-BAE1-BC7B5C93B8EE}.Debug|Any CPU.Build.0 = Debug|Any CPU
		{B23F3CEF-420F-4349-BAE1-BC7B5C93B8EE}.Release|Any CPU.ActiveCfg = Release|Any CPU
		{B23F3CEF-420F-4349-BAE1-BC7B5C93B8EE}.Release|Any CPU.Build.0 = Release|Any CPU
		{AC1280C1-8CDD-47DD-8CDD-448A52516C44}.Debug|Any CPU.ActiveCfg = Debug|Any CPU
		{AC1280C1-8CDD-47DD-8CDD-448A52516C44}.Debug|Any CPU.Build.0 = Debug|Any CPU
		{AC1280C1-8CDD-47DD-8CDD-448A52516C44}.Release|Any CPU.ActiveCfg = Release|Any CPU
		{AC1280C1-8CDD-47DD-8CDD-448A52516C44}.Release|Any CPU.Build.0 = Release|Any CPU
	EndGlobalSection
	GlobalSection(SolutionProperties) = preSolution
		HideSolutionNode = FALSE
	EndGlobalSection
	GlobalSection(ExtensibilityGlobals) = postSolution
		SolutionGuid = {9D8F7CBA-B2F4-4BAE-B94F-B9C8799A03FD}
	EndGlobalSection
EndGlobal
